// !$*UTF8*$!
{
	archiveVersion = 1;
	classes = {
	};
	objectVersion = 46;
	objects = {

/* Begin PBXBuildFile section */
		10F6A32D1F1EFA88009E7638 /* AppDelegate.swift in Sources */ = {isa = PBXBuildFile; fileRef = 10F6A32C1F1EFA88009E7638 /* AppDelegate.swift */; };
		10F6A32F1F1EFA88009E7638 /* ViewController.swift in Sources */ = {isa = PBXBuildFile; fileRef = 10F6A32E1F1EFA88009E7638 /* ViewController.swift */; };
		10F6A3321F1EFA88009E7638 /* Main.storyboard in Resources */ = {isa = PBXBuildFile; fileRef = 10F6A3301F1EFA88009E7638 /* Main.storyboard */; };
		10F6A3341F1EFA88009E7638 /* Assets.xcassets in Resources */ = {isa = PBXBuildFile; fileRef = 10F6A3331F1EFA88009E7638 /* Assets.xcassets */; };
		10F6A3371F1EFA88009E7638 /* LaunchScreen.storyboard in Resources */ = {isa = PBXBuildFile; fileRef = 10F6A3351F1EFA88009E7638 /* LaunchScreen.storyboard */; };
		10F6A3421F1EFA88009E7638 /* Stopwatch_FinalTests.swift in Sources */ = {isa = PBXBuildFile; fileRef = 10F6A3411F1EFA88009E7638 /* Stopwatch_FinalTests.swift */; };
		10F6A34D1F1EFA88009E7638 /* Stopwatch_FinalUITests.swift in Sources */ = {isa = PBXBuildFile; fileRef = 10F6A34C1F1EFA88009E7638 /* Stopwatch_FinalUITests.swift */; };
/* End PBXBuildFile section */

/* Begin PBXContainerItemProxy section */
		10F6A33E1F1EFA88009E7638 /* PBXContainerItemProxy */ = {
			isa = PBXContainerItemProxy;
			containerPortal = 10F6A3211F1EFA88009E7638 /* Project object */;
			proxyType = 1;
			remoteGlobalIDString = 10F6A3281F1EFA88009E7638;
			remoteInfo = "Stopwatch Final";
		};
		10F6A3491F1EFA88009E7638 /* PBXContainerItemProxy */ = {
			isa = PBXContainerItemProxy;
			containerPortal = 10F6A3211F1EFA88009E7638 /* Project object */;
			proxyType = 1;
			remoteGlobalIDString = 10F6A3281F1EFA88009E7638;
			remoteInfo = "Stopwatch Final";
		};
/* End PBXContainerItemProxy section */

/* Begin PBXFileReference section */
		10F6A3291F1EFA88009E7638 /* Stopwatch Final.app */ = {isa = PBXFileReference; explicitFileType = wrapper.application; includeInIndex = 0; path = "Stopwatch Final.app"; sourceTree = BUILT_PRODUCTS_DIR; };
		10F6A32C1F1EFA88009E7638 /* AppDelegate.swift */ = {isa = PBXFileReference; lastKnownFileType = sourcecode.swift; path = AppDelegate.swift; sourceTree = "<group>"; };
		10F6A32E1F1EFA88009E7638 /* ViewController.swift */ = {isa = PBXFileReference; lastKnownFileType = sourcecode.swift; path = ViewController.swift; sourceTree = "<group>"; };
		10F6A3311F1EFA88009E7638 /* Base */ = {isa = PBXFileReference; lastKnownFileType = file.storyboard; name = Base; path = Base.lproj/Main.storyboard; sourceTree = "<group>"; };
		10F6A3331F1EFA88009E7638 /* Assets.xcassets */ = {isa = PBXFileReference; lastKnownFileType = folder.assetcatalog; path = Assets.xcassets; sourceTree = "<group>"; };
		10F6A3361F1EFA88009E7638 /* Base */ = {isa = PBXFileReference; lastKnownFileType = file.storyboard; name = Base; path = Base.lproj/LaunchScreen.storyboard; sourceTree = "<group>"; };
		10F6A3381F1EFA88009E7638 /* Info.plist */ = {isa = PBXFileReference; lastKnownFileType = text.plist.xml; path = Info.plist; sourceTree = "<group>"; };
		10F6A33D1F1EFA88009E7638 /* Stopwatch FinalTests.xctest */ = {isa = PBXFileReference; explicitFileType = wrapper.cfbundle; includeInIndex = 0; path = "Stopwatch FinalTests.xctest"; sourceTree = BUILT_PRODUCTS_DIR; };
		10F6A3411F1EFA88009E7638 /* Stopwatch_FinalTests.swift */ = {isa = PBXFileReference; lastKnownFileType = sourcecode.swift; path = Stopwatch_FinalTests.swift; sourceTree = "<group>"; };
		10F6A3431F1EFA88009E7638 /* Info.plist */ = {isa = PBXFileReference; lastKnownFileType = text.plist.xml; path = Info.plist; sourceTree = "<group>"; };
		10F6A3481F1EFA88009E7638 /* Stopwatch FinalUITests.xctest */ = {isa = PBXFileReference; explicitFileType = wrapper.cfbundle; includeInIndex = 0; path = "Stopwatch FinalUITests.xctest"; sourceTree = BUILT_PRODUCTS_DIR; };
		10F6A34C1F1EFA88009E7638 /* Stopwatch_FinalUITests.swift */ = {isa = PBXFileReference; lastKnownFileType = sourcecode.swift; path = Stopwatch_FinalUITests.swift; sourceTree = "<group>"; };
		10F6A34E1F1EFA88009E7638 /* Info.plist */ = {isa = PBXFileReference; lastKnownFileType = text.plist.xml; path = Info.plist; sourceTree = "<group>"; };
/* End PBXFileReference section */

/* Begin PBXFrameworksBuildPhase section */
		10F6A3261F1EFA88009E7638 /* Frameworks */ = {
			isa = PBXFrameworksBuildPhase;
			buildActionMask = 2147483647;
			files = (
			);
			runOnlyForDeploymentPostprocessing = 0;
		};
		10F6A33A1F1EFA88009E7638 /* Frameworks */ = {
			isa = PBXFrameworksBuildPhase;
			buildActionMask = 2147483647;
			files = (
			);
			runOnlyForDeploymentPostprocessing = 0;
		};
		10F6A3451F1EFA88009E7638 /* Frameworks */ = {
			isa = PBXFrameworksBuildPhase;
			buildActionMask = 2147483647;
			files = (
			);
			runOnlyForDeploymentPostprocessing = 0;
		};
/* End PBXFrameworksBuildPhase section */

/* Begin PBXGroup section */
		10F6A3201F1EFA88009E7638 = {
			isa = PBXGroup;
			children = (
				10F6A32B1F1EFA88009E7638 /* Stopwatch Final */,
				10F6A3401F1EFA88009E7638 /* Stopwatch FinalTests */,
				10F6A34B1F1EFA88009E7638 /* Stopwatch FinalUITests */,
				10F6A32A1F1EFA88009E7638 /* Products */,
			);
			sourceTree = "<group>";
		};
		10F6A32A1F1EFA88009E7638 /* Products */ = {
			isa = PBXGroup;
			children = (
				10F6A3291F1EFA88009E7638 /* Stopwatch Final.app */,
				10F6A33D1F1EFA88009E7638 /* Stopwatch FinalTests.xctest */,
				10F6A3481F1EFA88009E7638 /* Stopwatch FinalUITests.xctest */,
			);
			name = Products;
			sourceTree = "<group>";
		};
		10F6A32B1F1EFA88009E7638 /* Stopwatch Final */ = {
			isa = PBXGroup;
			children = (
				10F6A32C1F1EFA88009E7638 /* AppDelegate.swift */,
				10F6A32E1F1EFA88009E7638 /* ViewController.swift */,
				10F6A3301F1EFA88009E7638 /* Main.storyboard */,
				10F6A3331F1EFA88009E7638 /* Assets.xcassets */,
				10F6A3351F1EFA88009E7638 /* LaunchScreen.storyboard */,
				10F6A3381F1EFA88009E7638 /* Info.plist */,
			);
			path = "Stopwatch Final";
			sourceTree = "<group>";
		};
		10F6A3401F1EFA88009E7638 /* Stopwatch FinalTests */ = {
			isa = PBXGroup;
			children = (
				10F6A3411F1EFA88009E7638 /* Stopwatch_FinalTests.swift */,
				10F6A3431F1EFA88009E7638 /* Info.plist */,
			);
			path = "Stopwatch FinalTests";
			sourceTree = "<group>";
		};
		10F6A34B1F1EFA88009E7638 /* Stopwatch FinalUITests */ = {
			isa = PBXGroup;
			children = (
				10F6A34C1F1EFA88009E7638 /* Stopwatch_FinalUITests.swift */,
				10F6A34E1F1EFA88009E7638 /* Info.plist */,
			);
			path = "Stopwatch FinalUITests";
			sourceTree = "<group>";
		};
/* End PBXGroup section */

/* Begin PBXNativeTarget section */
		10F6A3281F1EFA88009E7638 /* Stopwatch Final */ = {
			isa = PBXNativeTarget;
			buildConfigurationList = 10F6A3511F1EFA88009E7638 /* Build configuration list for PBXNativeTarget "Stopwatch Final" */;
			buildPhases = (
				10F6A3251F1EFA88009E7638 /* Sources */,
				10F6A3261F1EFA88009E7638 /* Frameworks */,
				10F6A3271F1EFA88009E7638 /* Resources */,
			);
			buildRules = (
			);
			dependencies = (
			);
			name = "Stopwatch Final";
			productName = "Stopwatch Final";
			productReference = 10F6A3291F1EFA88009E7638 /* Stopwatch Final.app */;
			productType = "com.apple.product-type.application";
		};
		10F6A33C1F1EFA88009E7638 /* Stopwatch FinalTests */ = {
			isa = PBXNativeTarget;
			buildConfigurationList = 10F6A3541F1EFA88009E7638 /* Build configuration list for PBXNativeTarget "Stopwatch FinalTests" */;
			buildPhases = (
				10F6A3391F1EFA88009E7638 /* Sources */,
				10F6A33A1F1EFA88009E7638 /* Frameworks */,
				10F6A33B1F1EFA88009E7638 /* Resources */,
			);
			buildRules = (
			);
			dependencies = (
				10F6A33F1F1EFA88009E7638 /* PBXTargetDependency */,
			);
			name = "Stopwatch FinalTests";
			productName = "Stopwatch FinalTests";
			productReference = 10F6A33D1F1EFA88009E7638 /* Stopwatch FinalTests.xctest */;
			productType = "com.apple.product-type.bundle.unit-test";
		};
		10F6A3471F1EFA88009E7638 /* Stopwatch FinalUITests */ = {
			isa = PBXNativeTarget;
			buildConfigurationList = 10F6A3571F1EFA88009E7638 /* Build configuration list for PBXNativeTarget "Stopwatch FinalUITests" */;
			buildPhases = (
				10F6A3441F1EFA88009E7638 /* Sources */,
				10F6A3451F1EFA88009E7638 /* Frameworks */,
				10F6A3461F1EFA88009E7638 /* Resources */,
			);
			buildRules = (
			);
			dependencies = (
				10F6A34A1F1EFA88009E7638 /* PBXTargetDependency */,
			);
			name = "Stopwatch FinalUITests";
			productName = "Stopwatch FinalUITests";
			productReference = 10F6A3481F1EFA88009E7638 /* Stopwatch FinalUITests.xctest */;
			productType = "com.apple.product-type.bundle.ui-testing";
		};
/* End PBXNativeTarget section */

/* Begin PBXProject section */
		10F6A3211F1EFA88009E7638 /* Project object */ = {
			isa = PBXProject;
			attributes = {
				LastSwiftUpdateCheck = 0720;
				LastUpgradeCheck = 0720;
				ORGANIZATIONNAME = "Suvin Gamage";
				TargetAttributes = {
					10F6A3281F1EFA88009E7638 = {
						CreatedOnToolsVersion = 7.2.1;
					};
					10F6A33C1F1EFA88009E7638 = {
						CreatedOnToolsVersion = 7.2.1;
						TestTargetID = 10F6A3281F1EFA88009E7638;
					};
					10F6A3471F1EFA88009E7638 = {
						CreatedOnToolsVersion = 7.2.1;
						TestTargetID = 10F6A3281F1EFA88009E7638;
					};
				};
			};
			buildConfigurationList = 10F6A3241F1EFA88009E7638 /* Build configuration list for PBXProject "Stopwatch Final" */;
			compatibilityVersion = "Xcode 3.2";
			developmentRegion = English;
			hasScannedForEncodings = 0;
			knownRegions = (
				en,
				Base,
			);
			mainGroup = 10F6A3201F1EFA88009E7638;
			productRefGroup = 10F6A32A1F1EFA88009E7638 /* Products */;
			projectDirPath = "";
			projectRoot = "";
			targets = (
				10F6A3281F1EFA88009E7638 /* Stopwatch Final */,
				10F6A33C1F1EFA88009E7638 /* Stopwatch FinalTests */,
				10F6A3471F1EFA88009E7638 /* Stopwatch FinalUITests */,
			);
		};
/* End PBXProject section */

/* Begin PBXResourcesBuildPhase section */
		10F6A3271F1EFA88009E7638 /* Resources */ = {
			isa = PBXResourcesBuildPhase;
			buildActionMask = 2147483647;
			files = (
				10F6A3371F1EFA88009E7638 /* LaunchScreen.storyboard in Resources */,
				10F6A3341F1EFA88009E7638 /* Assets.xcassets in Resources */,
				10F6A3321F1EFA88009E7638 /* Main.storyboard in Resources */,
			);
			runOnlyForDeploymentPostprocessing = 0;
		};
		10F6A33B1F1EFA88009E7638 /* Resources */ = {
			isa = PBXResourcesBuildPhase;
			buildActionMask = 2147483647;
			files = (
			);
			runOnlyForDeploymentPostprocessing = 0;
		};
		10F6A3461F1EFA88009E7638 /* Resources */ = {
			isa = PBXResourcesBuildPhase;
			buildActionMask = 2147483647;
			files = (
			);
			runOnlyForDeploymentPostprocessing = 0;
		};
/* End PBXResourcesBuildPhase section */

/* Begin PBXSourcesBuildPhase section */
		10F6A3251F1EFA88009E7638 /* Sources */ = {
			isa = PBXSourcesBuildPhase;
			buildActionMask = 2147483647;
			files = (
				10F6A32F1F1EFA88009E7638 /* ViewController.swift in Sources */,
				10F6A32D1F1EFA88009E7638 /* AppDelegate.swift in Sources */,
			);
			runOnlyForDeploymentPostprocessing = 0;
		};
		10F6A3391F1EFA88009E7638 /* Sources */ = {
			isa = PBXSourcesBuildPhase;
			buildActionMask = 2147483647;
			files = (
				10F6A3421F1EFA88009E7638 /* Stopwatch_FinalTests.swift in Sources */,
			);
			runOnlyForDeploymentPostprocessing = 0;
		};
		10F6A3441F1EFA88009E7638 /* Sources */ = {
			isa = PBXSourcesBuildPhase;
			buildActionMask = 2147483647;
			files = (
				10F6A34D1F1EFA88009E7638 /* Stopwatch_FinalUITests.swift in Sources */,
			);
			runOnlyForDeploymentPostprocessing = 0;
		};
/* End PBXSourcesBuildPhase section */

/* Begin PBXTargetDependency section */
		10F6A33F1F1EFA88009E7638 /* PBXTargetDependency */ = {
			isa = PBXTargetDependency;
			target = 10F6A3281F1EFA88009E7638 /* Stopwatch Final */;
			targetProxy = 10F6A33E1F1EFA88009E7638 /* PBXContainerItemProxy */;
		};
		10F6A34A1F1EFA88009E7638 /* PBXTargetDependency */ = {
			isa = PBXTargetDependency;
			target = 10F6A3281F1EFA88009E7638 /* Stopwatch Final */;
			targetProxy = 10F6A3491F1EFA88009E7638 /* PBXContainerItemProxy */;
		};
/* End PBXTargetDependency section */

/* Begin PBXVariantGroup section */
		10F6A3301F1EFA88009E7638 /* Main.storyboard */ = {
			isa = PBXVariantGroup;
			children = (
				10F6A3311F1EFA88009E7638 /* Base */,
			);
			name = Main.storyboard;
			sourceTree = "<group>";
		};
		10F6A3351F1EFA88009E7638 /* LaunchScreen.storyboard */ = {
			isa = PBXVariantGroup;
			children = (
				10F6A3361F1EFA88009E7638 /* Base */,
			);
			name = LaunchScreen.storyboard;
			sourceTree = "<group>";
		};
/* End PBXVariantGroup section */

/* Begin XCBuildConfiguration section */
		10F6A34F1F1EFA88009E7638 /* Debug */ = {
			isa = XCBuildConfiguration;
			buildSettings = {
				ALWAYS_SEARCH_USER_PATHS = NO;
				CLANG_CXX_LANGUAGE_STANDARD = "gnu++0x";
				CLANG_CXX_LIBRARY = "libc++";
				CLANG_ENABLE_MODULES = YES;
				CLANG_ENABLE_OBJC_ARC = YES;
				CLANG_WARN_BOOL_CONVERSION = YES;
				CLANG_WARN_CONSTANT_CONVERSION = YES;
				CLANG_WARN_DIRECT_OBJC_ISA_USAGE = YES_ERROR;
				CLANG_WARN_EMPTY_BODY = YES;
				CLANG_WARN_ENUM_CONVERSION = YES;
				CLANG_WARN_INT_CONVERSION = YES;
				CLANG_WARN_OBJC_ROOT_CLASS = YES_ERROR;
				CLANG_WARN_UNREACHABLE_CODE = YES;
				CLANG_WARN__DUPLICATE_METHOD_MATCH = YES;
				"CODE_SIGN_IDENTITY[sdk=iphoneos*]" = "iPhone Developer";
				COPY_PHASE_STRIP = NO;
				DEBUG_INFORMATION_FORMAT = dwarf;
				ENABLE_STRICT_OBJC_MSGSEND = YES;
				ENABLE_TESTABILITY = YES;
				GCC_C_LANGUAGE_STANDARD = gnu99;
				GCC_DYNAMIC_NO_PIC = NO;
				GCC_NO_COMMON_BLOCKS = YES;
				GCC_OPTIMIZATION_LEVEL = 0;
				GCC_PREPROCESSOR_DEFINITIONS = (
					"DEBUG=1",
					"$(inherited)",
				);
				GCC_WARN_64_TO_32_BIT_CONVERSION = YES;
				GCC_WARN_ABOUT_RETURN_TYPE = YES_ERROR;
				GCC_WARN_UNDECLARED_SELECTOR = YES;
				GCC_WARN_UNINITIALIZED_AUTOS = YES_AGGRESSIVE;
				GCC_WARN_UNUSED_FUNCTION = YES;
				GCC_WARN_UNUSED_VARIABLE = YES;
				IPHONEOS_DEPLOYMENT_TARGET = 9.2;
				MTL_ENABLE_DEBUG_INFO = YES;
				ONLY_ACTIVE_ARCH = YES;
				SDKROOT = iphoneos;
				SWIFT_OPTIMIZATION_LEVEL = "-Onone";
			};
			name = Debug;
		};
		10F6A3501F1EFA88009E7638 /* Release */ = {
			isa = XCBuildConfiguration;
			buildSettings = {
				ALWAYS_SEARCH_USER_PATHS = NO;
				CLANG_CXX_LANGUAGE_STANDARD = "gnu++0x";
				CLANG_CXX_LIBRARY = "libc++";
				CLANG_ENABLE_MODULES = YES;
				CLANG_ENABLE_OBJC_ARC = YES;
				CLANG_WARN_BOOL_CONVERSION = YES;
				CLANG_WARN_CONSTANT_CONVERSION = YES;
				CLANG_WARN_DIRECT_OBJC_ISA_USAGE = YES_ERROR;
				CLANG_WARN_EMPTY_BODY = YES;
				CLANG_WARN_ENUM_CONVERSION = YES;
				CLANG_WARN_INT_CONVERSION = YES;
				CLANG_WARN_OBJC_ROOT_CLASS = YES_ERROR;
				CLANG_WARN_UNREACHABLE_CODE = YES;
				CLANG_WARN__DUPLICATE_METHOD_MATCH = YES;
				"CODE_SIGN_IDENTITY[sdk=iphoneos*]" = "iPhone Developer";
				COPY_PHASE_STRIP = NO;
				DEBUG_INFORMATION_FORMAT = "dwarf-with-dsym";
				ENABLE_NS_ASSERTIONS = NO;
				ENABLE_STRICT_OBJC_MSGSEND = YES;
				GCC_C_LANGUAGE_STANDARD = gnu99;
				GCC_NO_COMMON_BLOCKS = YES;
				GCC_WARN_64_TO_32_BIT_CONVERSION = YES;
				GCC_WARN_ABOUT_RETURN_TYPE = YES_ERROR;
				GCC_WARN_UNDECLARED_SELECTOR = YES;
				GCC_WARN_UNINITIALIZED_AUTOS = YES_AGGRESSIVE;
				GCC_WARN_UNUSED_FUNCTION = YES;
				GCC_WARN_UNUSED_VARIABLE = YES;
				IPHONEOS_DEPLOYMENT_TARGET = 9.2;
				MTL_ENABLE_DEBUG_INFO = NO;
				SDKROOT = iphoneos;
				VALIDATE_PRODUCT = YES;
			};
			name = Release;
		};
		10F6A3521F1EFA88009E7638 /* Debug */ = {
			isa = XCBuildConfiguration;
			buildSettings = {
				ASSETCATALOG_COMPILER_APPICON_NAME = AppIcon;
				INFOPLIST_FILE = "Stopwatch Final/Info.plist";
				LD_RUNPATH_SEARCH_PATHS = "$(inherited) @executable_path/Frameworks";
				PRODUCT_BUNDLE_IDENTIFIER = "com.Suvin.Stopwatch-Final";
				PRODUCT_NAME = "$(TARGET_NAME)";
			};
			name = Debug;
		};
		10F6A3531F1EFA88009E7638 /* Release */ = {
			isa = XCBuildConfiguration;
			buildSettings = {
				ASSETCATALOG_COMPILER_APPICON_NAME = AppIcon;
				INFOPLIST_FILE = "Stopwatch Final/Info.plist";
				LD_RUNPATH_SEARCH_PATHS = "$(inherited) @executable_path/Frameworks";
				PRODUCT_BUNDLE_IDENTIFIER = "com.Suvin.Stopwatch-Final";
				PRODUCT_NAME = "$(TARGET_NAME)";
			};
			name = Release;
		};
		10F6A3551F1EFA88009E7638 /* Debug */ = {
			isa = XCBuildConfiguration;
			buildSettings = {
				BUNDLE_LOADER = "$(TEST_HOST)";
				INFOPLIST_FILE = "Stopwatch FinalTests/Info.plist";
				LD_RUNPATH_SEARCH_PATHS = "$(inherited) @executable_path/Frameworks @loader_path/Frameworks";
				PRODUCT_BUNDLE_IDENTIFIER = "com.Suvin.Stopwatch-FinalTests";
				PRODUCT_NAME = "$(TARGET_NAME)";
				TEST_HOST = "$(BUILT_PRODUCTS_DIR)/Stopwatch Final.app/Stopwatch Final";
			};
			name = Debug;
		};
		10F6A3561F1EFA88009E7638 /* Release */ = {
			isa = XCBuildConfiguration;
			buildSettings = {
				BUNDLE_LOADER = "$(TEST_HOST)";
				INFOPLIST_FILE = "Stopwatch FinalTests/Info.plist";
				LD_RUNPATH_SEARCH_PATHS = "$(inherited) @executable_path/Frameworks @loader_path/Frameworks";
				PRODUCT_BUNDLE_IDENTIFIER = "com.Suvin.Stopwatch-FinalTests";
				PRODUCT_NAME = "$(TARGET_NAME)";
				TEST_HOST = "$(BUILT_PRODUCTS_DIR)/Stopwatch Final.app/Stopwatch Final";
			};
			name = Release;
		};
		10F6A3581F1EFA88009E7638 /* Debug */ = {
			isa = XCBuildConfiguration;
			buildSettings = {
				INFOPLIST_FILE = "Stopwatch FinalUITests/Info.plist";
				LD_RUNPATH_SEARCH_PATHS = "$(inherited) @executable_path/Frameworks @loader_path/Frameworks";
				PRODUCT_BUNDLE_IDENTIFIER = "com.Suvin.Stopwatch-FinalUITests";
				PRODUCT_NAME = "$(TARGET_NAME)";
				TEST_TARGET_NAME = "Stopwatch Final";
				USES_XCTRUNNER = YES;
			};
			name = Debug;
		};
		10F6A3591F1EFA88009E7638 /* Release */ = {
			isa = XCBuildConfiguration;
			buildSettings = {
				INFOPLIST_FILE = "Stopwatch FinalUITests/Info.plist";
				LD_RUNPATH_SEARCH_PATHS = "$(inherited) @executable_path/Frameworks @loader_path/Frameworks";
				PRODUCT_BUNDLE_IDENTIFIER = "com.Suvin.Stopwatch-FinalUITests";
				PRODUCT_NAME = "$(TARGET_NAME)";
				TEST_TARGET_NAME = "Stopwatch Final";
				USES_XCTRUNNER = YES;
			};
			name = Release;
		};
/* End XCBuildConfiguration section */

/* Begin XCConfigurationList section */
		10F6A3241F1EFA88009E7638 /* Build configuration list for PBXProject "Stopwatch Final" */ = {
			isa = XCConfigurationList;
			buildConfigurations = (
				10F6A34F1F1EFA88009E7638 /* Debug */,
				10F6A3501F1EFA88009E7638 /* Release */,
			);
			defaultConfigurationIsVisible = 0;
			defaultConfigurationName = Release;
		};
		10F6A3511F1EFA88009E7638 /* Build configuration list for PBXNativeTarget "Stopwatch Final" */ = {
			isa = XCConfigurationList;
			buildConfigurations = (
				10F6A3521F1EFA88009E7638 /* Debug */,
				10F6A3531F1EFA88009E7638 /* Release */,
			);
			defaultConfigurationIsVisible = 0;
		};
		10F6A3541F1EFA88009E7638 /* Build configuration list for PBXNativeTarget "Stopwatch FinalTests" */ = {
			isa = XCConfigurationList;
			buildConfigurations = (
				10F6A3551F1EFA88009E7638 /* Debug */,
				10F6A3561F1EFA88009E7638 /* Release */,
			);
			defaultConfigurationIsVisible = 0;
		};
		10F6A3571F1EFA88009E7638 /* Build configuration list for PBXNativeTarget "Stopwatch FinalUITests" */ = {
			isa = XCConfigurationList;
			buildConfigurations = (
				10F6A3581F1EFA88009E7638 /* Debug */,
				10F6A3591F1EFA88009E7638 /* Release */,
			);
			defaultConfigurationIsVisible = 0;
		};
/* End XCConfigurationList section */
	};
	rootObject = 10F6A3211F1EFA88009E7638 /* Project object */;
}
